
Microsoft Visual Studio Solution File, Format Version 12.00
# Visual Studio Version 17
VisualStudioVersion = 17.9.34622.214
MinimumVisualStudioVersion = 10.0.40219.1
Project("{9A19103F-16F7-4668-BE54-9A1E7A4F7556}") = "#09 - OnConfiguring - Table İsimlendirme", "#9 - OnConfiguring - Table İsimlendirme\#09 - OnConfiguring - Table İsimlendirme.csproj", "{CEF15135-22AD-4CBF-AA31-7B904D9AC458}"
EndProject
Project("{9A19103F-16F7-4668-BE54-9A1E7A4F7556}") = "#10 - Veri Kalıcılığı - EF Core İle Veri Ekleme Detayları", "#10 - Veri Kalıcılığı - EF Core İle Veri Ekleme Detayları\#10 - Veri Kalıcılığı - EF Core İle Veri Ekleme Detayları.csproj", "{21C6BE52-2903-4C70-990B-B297F23FAC90}"
EndProject
Project("{9A19103F-16F7-4668-BE54-9A1E7A4F7556}") = "#11 - Veri Kalıcılığı - EF Core İle Veri Güncelleme Detayları", "#11 - Veri Kalıcılığı - EF Core İle Veri Güncelleme Detayları\#11 - Veri Kalıcılığı - EF Core İle Veri Güncelleme Detayları.csproj", "{AE561C4B-33FA-455D-B7F8-DD48BCFD0977}"
EndProject
Project("{9A19103F-16F7-4668-BE54-9A1E7A4F7556}") = "#12 - Veri Kalıcılığı - EF Core İle Veri Silme Detayları", "#12 - Veri Kalıcılığı - EF Core İle Veri Silme Detayları\#12 - Veri Kalıcılığı - EF Core İle Veri Silme Detayları.csproj", "{39F858E6-A305-436F-B58D-1E78C714DBE4}"
EndProject
Project("{9A19103F-16F7-4668-BE54-9A1E7A4F7556}") = "#13 - Veri Sorgulama - Temel Düzeyde Sorgulama Yapılanmaları", "#13 - Veri Sorgulama - Temel Düzeyde Sorgulama Yapılanmaları\#13 - Veri Sorgulama - Temel Düzeyde Sorgulama Yapılanmaları.csproj", "{71F2A85B-515F-425D-B214-EAF242C16485}"
EndProject
Project("{9A19103F-16F7-4668-BE54-9A1E7A4F7556}") = "#14 - ToListAsync, Where, OrderBy, ThenBy, OrderByDescending, ThenByDescending", "#14 - ToListAsync, Where, OrderBy, ThenBy, OrderByDescending, ThenByDescending\#14 - ToListAsync, Where, OrderBy, ThenBy, OrderByDescending, ThenByDescending.csproj", "{C46919A5-6C2A-4F59-B0BA-6653B3006F24}"
EndProject
Project("{9A19103F-16F7-4668-BE54-9A1E7A4F7556}") = "#15 -Single, SingleOrDefault, First, FirstOrDefault, Last, LastOrDefault, Find", "#15 -Single, SingleOrDefault, First, FirstOrDefault, Last, LastOrDefault, Find\#15 -Single, SingleOrDefault, First, FirstOrDefault, Last, LastOrDefault, Find.csproj", "{12019561-EB74-4508-9AD5-471CEB842BF5}"
EndProject
Project("{9A19103F-16F7-4668-BE54-9A1E7A4F7556}") = "#16 - Count, LongCount, Any, Max, Min, Distinct, All, Sum, Average, Like Query", "#16 - Count, LongCount, Any, Max, Min, Distinct, All, Sum, Average, Like Query\#16 - Count, LongCount, Any, Max, Min, Distinct, All, Sum, Average, Like Query.csproj", "{1C3719C2-27FA-466F-A170-7C30F470994D}"
EndProject
Project("{9A19103F-16F7-4668-BE54-9A1E7A4F7556}") = "#17 - ToDictionary, ToArray, Select, SelectMany", "#17 - ToDictionary, ToArray, Select, SelectMany\#17 - ToDictionary, ToArray, Select, SelectMany.csproj", "{0B9BD6D9-5159-443B-87A8-ED39C6B362CE}"
EndProject
Project("{9A19103F-16F7-4668-BE54-9A1E7A4F7556}") = "#18 - GroupBy Fonksiyonu - Ekstradan Foreach Fonksiyonu İle Pratik İterasyon", "#18 - GroupBy Fonksiyonu - Ekstradan Foreach Fonksiyonu İle Pratik İterasyon\#18 - GroupBy Fonksiyonu - Ekstradan Foreach Fonksiyonu İle Pratik İterasyon.csproj", "{0E1F37BD-07DD-4452-997C-D8C841052FF8}"
EndProject
Project("{9A19103F-16F7-4668-BE54-9A1E7A4F7556}") = "#19 - Derinlemesine Change Tracker Mekanizmasını İnceleyelim", "#19 - Derinlemesine Change Tracker Mekanizmasını İnceleyelim\#19 - Derinlemesine Change Tracker Mekanizmasını İnceleyelim.csproj", "{108CF617-75E6-4296-B0B1-96CC48CD89FF}"
EndProject
Project("{9A19103F-16F7-4668-BE54-9A1E7A4F7556}") = "#20 - AsNoTracking, AsNoTrackingWithIdentityResolution, UseQueryTrackingBehavior", "#20 - AsNoTracking, AsNoTrackingWithIdentityResolution, UseQueryTrackingBehavior\#20 - AsNoTracking, AsNoTrackingWithIdentityResolution, UseQueryTrackingBehavior.csproj", "{D793AA44-10DB-4547-80DD-274E281C427C}"
EndProject
Project("{9A19103F-16F7-4668-BE54-9A1E7A4F7556}") = "#21 - İlişkisel Yapılar - Aşina Olunması Gereken Temel Kavramlar", "#21 - İlişkisel Yapılar - Aşina Olunması Gereken Temel Kavramlar\#21 - İlişkisel Yapılar - Aşina Olunması Gereken Temel Kavramlar.csproj", "{1C6A3938-F45F-46A2-84F9-98DB2A54B6B1}"
EndProject
Project("{9A19103F-16F7-4668-BE54-9A1E7A4F7556}") = "#22 - One to One Relationship - Tüm Detaylarıyla Birebir İlişki Yapılanması", "#22 - One to One Relationship - Tüm Detaylarıyla Birebir İlişki Yapılanması\#22 - One to One Relationship - Tüm Detaylarıyla Birebir İlişki Yapılanması.csproj", "{98080F14-5C8B-4BFE-993A-7CE8CDDAE48B}"
EndProject
Project("{9A19103F-16F7-4668-BE54-9A1E7A4F7556}") = "#23 - One to Many Relationship - Tüm Detaylarıyla Bire Çok İlişki Yapılanması", "#23 - One to Many Relationship - Tüm Detaylarıyla Bire Çok İlişki Yapılanması\#23 - One to Many Relationship - Tüm Detaylarıyla Bire Çok İlişki Yapılanması.csproj", "{A51030AF-58E5-40B0-AFC3-6B6916F6FB92}"
EndProject
Project("{9A19103F-16F7-4668-BE54-9A1E7A4F7556}") = "#24 - Many to Many Relationship - Tüm Detaylarıyla Çoka Çok İlişki Yapılanması", "#24 - Many to Many Relationship - Tüm Detaylarıyla Çoka Çok İlişki Yapılanması\#24 - Many to Many Relationship - Tüm Detaylarıyla Çoka Çok İlişki Yapılanması.csproj", "{CF752B73-3E91-4ECF-BD65-F9A88260F5BC}"
EndProject
Project("{9A19103F-16F7-4668-BE54-9A1E7A4F7556}") = "#25 - İlişkisel Senaryolarda Veri Ekleme Davranışları", "#25 - İlişkisel Senaryolarda Veri Ekleme Davranışları\#25 - İlişkisel Senaryolarda Veri Ekleme Davranışları.csproj", "{35C32B23-FF85-4EBF-B972-784A41B50AB6}"
EndProject
Project("{9A19103F-16F7-4668-BE54-9A1E7A4F7556}") = "#26 - İlişkisel Senaryolarda Veri Güncelleme Davranışları", "#26 - İlişkisel Senaryolarda Veri Güncelleme Davranışları\#26 - İlişkisel Senaryolarda Veri Güncelleme Davranışları.csproj", "{D2D9476D-905B-4806-8B8C-A7E314415705}"
EndProject
Project("{9A19103F-16F7-4668-BE54-9A1E7A4F7556}") = "#27 - İlişkisel Senaryolarda Veri Silme ve Cascade Delete Davranışları", "#27 - İlişkisel Senaryolarda Veri Silme ve Cascade Delete Davranışları\#27 - İlişkisel Senaryolarda Veri Silme ve Cascade Delete Davranışları.csproj", "{BF74EDBE-740C-4ED4-A699-4E0FDB4EBAC9}"
EndProject
Project("{9A19103F-16F7-4668-BE54-9A1E7A4F7556}") = "#28 - Backing Fields Özelliği", "#28 - Backing Fields Özelliği\#28 - Backing Fields Özelliği.csproj", "{9A4A4E88-809D-4709-BE27-8CF7D9C66566}"
EndProject
Project("{9A19103F-16F7-4668-BE54-9A1E7A4F7556}") = "#29 - Shadow Properties Özelliği", "#29 - Shadow Properties Özelliği\#29 - Shadow Properties Özelliği.csproj", "{E81A5193-B1D5-45CD-A35D-6CD0383DAB91}"
EndProject
Project("{9A19103F-16F7-4668-BE54-9A1E7A4F7556}") = "#30 - Özelleştirici Entity Konfigürasyonları - 1", "#30 - Özelleştirici Entity Konfigürasyonları - 1\#30 - Özelleştirici Entity Konfigürasyonları - 1.csproj", "{98E51753-E261-488D-BDCB-0095985A2FBB}"
EndProject
Project("{9A19103F-16F7-4668-BE54-9A1E7A4F7556}") = "#31 - Özelleştirici Entity Konfigürasyonları - 2", "#31 - Özelleştirici Entity Konfigürasyonları - 2\#31 - Özelleştirici Entity Konfigürasyonları - 2.csproj", "{42CC16AD-1F54-44A1-BB52-38E99979003D}"
EndProject
Project("{9A19103F-16F7-4668-BE54-9A1E7A4F7556}") = "#32 - Generated Values Yapılandırması - DatabaseGenerated", "#32 - Generated Values Yapılandırması - DatabaseGenerated\#32 - Generated Values Yapılandırması - DatabaseGenerated.csproj", "{93B8429A-C683-40D1-B791-0B824F453986}"
EndProject
Project("{9A19103F-16F7-4668-BE54-9A1E7A4F7556}") = "#33 - IEntityTypeConfiguration İle Yapılandırmaları Harici Dosyalara Ayırmak", "#33 - IEntityTypeConfiguration İle Yapılandırmaları Harici Dosyalara Ayırmak\#33 - IEntityTypeConfiguration İle Yapılandırmaları Harici Dosyalara Ayırmak.csproj", "{7E18B934-2952-4C8F-88E5-B80567E0EF9F}"
EndProject
Project("{9A19103F-16F7-4668-BE54-9A1E7A4F7556}") = "#34 - Seed Data Özelliği İle Hazır Verilerin Migrate Edilmesi", "#34 - Seed Data Özelliği İle Hazır Verilerin Migrate Edilmesi\#34 - Seed Data Özelliği İle Hazır Verilerin Migrate Edilmesi.csproj", "{DDCFFCDD-66B1-4E9E-BBCC-BA8F19679CC3}"
EndProject
Project("{9A19103F-16F7-4668-BE54-9A1E7A4F7556}") = "#35 - Kalıtımsal Durumlarda EF Core Davranışları TPH - TPT - TPC (EF Core 7)", "#35 - Kalıtımsal Durumlarda EF Core Davranışları TPH - TPT - TPC (EF Core 7)\#35 - Kalıtımsal Durumlarda EF Core Davranışları TPH - TPT - TPC (EF Core 7).csproj", "{F1486168-1B30-46D2-871E-ACBEE3898BF6}"
EndProject
Project("{9A19103F-16F7-4668-BE54-9A1E7A4F7556}") = "#36 - Table Per Hierarchy (TPH) Davranışı", "#36 - Table Per Hierarchy (TPH) Davranışı\#36 - Table Per Hierarchy (TPH) Davranışı.csproj", "{4D75A51D-19AB-46D9-8784-61073A6DBBBE}"
EndProject
Project("{FAE04EC0-301F-11D3-BF4B-00C04F79EFBC}") = "#37 - Table Per Type (TPT) Davranışı", "#37 - Table Per Type (TPT) Davranışı\#37 - Table Per Type (TPT) Davranışı.csproj", "{9A5DDD45-5CD5-4FDE-B7D9-7E8BBBB80701}"
EndProject
Project("{FAE04EC0-301F-11D3-BF4B-00C04F79EFBC}") = "#38 - Table Per Concrete Type (TPC) Davranışı", "#38 - Table Per Concrete Type (TPC) Davranışı\#38 - Table Per Concrete Type (TPC) Davranışı.csproj", "{B93367FC-55BA-4916-BD2E-0842AF1D309E}"
EndProject
Global
	GlobalSection(SolutionConfigurationPlatforms) = preSolution
		Debug|Any CPU = Debug|Any CPU
		Release|Any CPU = Release|Any CPU
	EndGlobalSection
	GlobalSection(ProjectConfigurationPlatforms) = postSolution
		{CEF15135-22AD-4CBF-AA31-7B904D9AC458}.Debug|Any CPU.ActiveCfg = Debug|Any CPU
		{CEF15135-22AD-4CBF-AA31-7B904D9AC458}.Debug|Any CPU.Build.0 = Debug|Any CPU
		{CEF15135-22AD-4CBF-AA31-7B904D9AC458}.Release|Any CPU.ActiveCfg = Release|Any CPU
		{CEF15135-22AD-4CBF-AA31-7B904D9AC458}.Release|Any CPU.Build.0 = Release|Any CPU
		{21C6BE52-2903-4C70-990B-B297F23FAC90}.Debug|Any CPU.ActiveCfg = Debug|Any CPU
		{21C6BE52-2903-4C70-990B-B297F23FAC90}.Debug|Any CPU.Build.0 = Debug|Any CPU
		{21C6BE52-2903-4C70-990B-B297F23FAC90}.Release|Any CPU.ActiveCfg = Release|Any CPU
		{21C6BE52-2903-4C70-990B-B297F23FAC90}.Release|Any CPU.Build.0 = Release|Any CPU
		{AE561C4B-33FA-455D-B7F8-DD48BCFD0977}.Debug|Any CPU.ActiveCfg = Debug|Any CPU
		{AE561C4B-33FA-455D-B7F8-DD48BCFD0977}.Debug|Any CPU.Build.0 = Debug|Any CPU
		{AE561C4B-33FA-455D-B7F8-DD48BCFD0977}.Release|Any CPU.ActiveCfg = Release|Any CPU
		{AE561C4B-33FA-455D-B7F8-DD48BCFD0977}.Release|Any CPU.Build.0 = Release|Any CPU
		{39F858E6-A305-436F-B58D-1E78C714DBE4}.Debug|Any CPU.ActiveCfg = Debug|Any CPU
		{39F858E6-A305-436F-B58D-1E78C714DBE4}.Debug|Any CPU.Build.0 = Debug|Any CPU
		{39F858E6-A305-436F-B58D-1E78C714DBE4}.Release|Any CPU.ActiveCfg = Release|Any CPU
		{39F858E6-A305-436F-B58D-1E78C714DBE4}.Release|Any CPU.Build.0 = Release|Any CPU
		{71F2A85B-515F-425D-B214-EAF242C16485}.Debug|Any CPU.ActiveCfg = Debug|Any CPU
		{71F2A85B-515F-425D-B214-EAF242C16485}.Debug|Any CPU.Build.0 = Debug|Any CPU
		{71F2A85B-515F-425D-B214-EAF242C16485}.Release|Any CPU.ActiveCfg = Release|Any CPU
		{71F2A85B-515F-425D-B214-EAF242C16485}.Release|Any CPU.Build.0 = Release|Any CPU
		{C46919A5-6C2A-4F59-B0BA-6653B3006F24}.Debug|Any CPU.ActiveCfg = Debug|Any CPU
		{C46919A5-6C2A-4F59-B0BA-6653B3006F24}.Debug|Any CPU.Build.0 = Debug|Any CPU
		{C46919A5-6C2A-4F59-B0BA-6653B3006F24}.Release|Any CPU.ActiveCfg = Release|Any CPU
		{C46919A5-6C2A-4F59-B0BA-6653B3006F24}.Release|Any CPU.Build.0 = Release|Any CPU
		{12019561-EB74-4508-9AD5-471CEB842BF5}.Debug|Any CPU.ActiveCfg = Debug|Any CPU
		{12019561-EB74-4508-9AD5-471CEB842BF5}.Debug|Any CPU.Build.0 = Debug|Any CPU
		{12019561-EB74-4508-9AD5-471CEB842BF5}.Release|Any CPU.ActiveCfg = Release|Any CPU
		{12019561-EB74-4508-9AD5-471CEB842BF5}.Release|Any CPU.Build.0 = Release|Any CPU
		{1C3719C2-27FA-466F-A170-7C30F470994D}.Debug|Any CPU.ActiveCfg = Debug|Any CPU
		{1C3719C2-27FA-466F-A170-7C30F470994D}.Debug|Any CPU.Build.0 = Debug|Any CPU
		{1C3719C2-27FA-466F-A170-7C30F470994D}.Release|Any CPU.ActiveCfg = Release|Any CPU
		{1C3719C2-27FA-466F-A170-7C30F470994D}.Release|Any CPU.Build.0 = Release|Any CPU
		{0B9BD6D9-5159-443B-87A8-ED39C6B362CE}.Debug|Any CPU.ActiveCfg = Debug|Any CPU
		{0B9BD6D9-5159-443B-87A8-ED39C6B362CE}.Debug|Any CPU.Build.0 = Debug|Any CPU
		{0B9BD6D9-5159-443B-87A8-ED39C6B362CE}.Release|Any CPU.ActiveCfg = Release|Any CPU
		{0B9BD6D9-5159-443B-87A8-ED39C6B362CE}.Release|Any CPU.Build.0 = Release|Any CPU
		{0E1F37BD-07DD-4452-997C-D8C841052FF8}.Debug|Any CPU.ActiveCfg = Debug|Any CPU
		{0E1F37BD-07DD-4452-997C-D8C841052FF8}.Debug|Any CPU.Build.0 = Debug|Any CPU
		{0E1F37BD-07DD-4452-997C-D8C841052FF8}.Release|Any CPU.ActiveCfg = Release|Any CPU
		{0E1F37BD-07DD-4452-997C-D8C841052FF8}.Release|Any CPU.Build.0 = Release|Any CPU
		{108CF617-75E6-4296-B0B1-96CC48CD89FF}.Debug|Any CPU.ActiveCfg = Debug|Any CPU
		{108CF617-75E6-4296-B0B1-96CC48CD89FF}.Debug|Any CPU.Build.0 = Debug|Any CPU
		{108CF617-75E6-4296-B0B1-96CC48CD89FF}.Release|Any CPU.ActiveCfg = Release|Any CPU
		{108CF617-75E6-4296-B0B1-96CC48CD89FF}.Release|Any CPU.Build.0 = Release|Any CPU
		{D793AA44-10DB-4547-80DD-274E281C427C}.Debug|Any CPU.ActiveCfg = Debug|Any CPU
		{D793AA44-10DB-4547-80DD-274E281C427C}.Debug|Any CPU.Build.0 = Debug|Any CPU
		{D793AA44-10DB-4547-80DD-274E281C427C}.Release|Any CPU.ActiveCfg = Release|Any CPU
		{D793AA44-10DB-4547-80DD-274E281C427C}.Release|Any CPU.Build.0 = Release|Any CPU
		{1C6A3938-F45F-46A2-84F9-98DB2A54B6B1}.Debug|Any CPU.ActiveCfg = Debug|Any CPU
		{1C6A3938-F45F-46A2-84F9-98DB2A54B6B1}.Debug|Any CPU.Build.0 = Debug|Any CPU
		{1C6A3938-F45F-46A2-84F9-98DB2A54B6B1}.Release|Any CPU.ActiveCfg = Release|Any CPU
		{1C6A3938-F45F-46A2-84F9-98DB2A54B6B1}.Release|Any CPU.Build.0 = Release|Any CPU
		{98080F14-5C8B-4BFE-993A-7CE8CDDAE48B}.Debug|Any CPU.ActiveCfg = Debug|Any CPU
		{98080F14-5C8B-4BFE-993A-7CE8CDDAE48B}.Debug|Any CPU.Build.0 = Debug|Any CPU
		{98080F14-5C8B-4BFE-993A-7CE8CDDAE48B}.Release|Any CPU.ActiveCfg = Release|Any CPU
		{98080F14-5C8B-4BFE-993A-7CE8CDDAE48B}.Release|Any CPU.Build.0 = Release|Any CPU
		{A51030AF-58E5-40B0-AFC3-6B6916F6FB92}.Debug|Any CPU.ActiveCfg = Debug|Any CPU
		{A51030AF-58E5-40B0-AFC3-6B6916F6FB92}.Debug|Any CPU.Build.0 = Debug|Any CPU
		{A51030AF-58E5-40B0-AFC3-6B6916F6FB92}.Release|Any CPU.ActiveCfg = Release|Any CPU
		{A51030AF-58E5-40B0-AFC3-6B6916F6FB92}.Release|Any CPU.Build.0 = Release|Any CPU
		{CF752B73-3E91-4ECF-BD65-F9A88260F5BC}.Debug|Any CPU.ActiveCfg = Debug|Any CPU
		{CF752B73-3E91-4ECF-BD65-F9A88260F5BC}.Debug|Any CPU.Build.0 = Debug|Any CPU
		{CF752B73-3E91-4ECF-BD65-F9A88260F5BC}.Release|Any CPU.ActiveCfg = Release|Any CPU
		{CF752B73-3E91-4ECF-BD65-F9A88260F5BC}.Release|Any CPU.Build.0 = Release|Any CPU
		{35C32B23-FF85-4EBF-B972-784A41B50AB6}.Debug|Any CPU.ActiveCfg = Debug|Any CPU
		{35C32B23-FF85-4EBF-B972-784A41B50AB6}.Debug|Any CPU.Build.0 = Debug|Any CPU
		{35C32B23-FF85-4EBF-B972-784A41B50AB6}.Release|Any CPU.ActiveCfg = Release|Any CPU
		{35C32B23-FF85-4EBF-B972-784A41B50AB6}.Release|Any CPU.Build.0 = Release|Any CPU
		{D2D9476D-905B-4806-8B8C-A7E314415705}.Debug|Any CPU.ActiveCfg = Debug|Any CPU
		{D2D9476D-905B-4806-8B8C-A7E314415705}.Debug|Any CPU.Build.0 = Debug|Any CPU
		{D2D9476D-905B-4806-8B8C-A7E314415705}.Release|Any CPU.ActiveCfg = Release|Any CPU
		{D2D9476D-905B-4806-8B8C-A7E314415705}.Release|Any CPU.Build.0 = Release|Any CPU
		{BF74EDBE-740C-4ED4-A699-4E0FDB4EBAC9}.Debug|Any CPU.ActiveCfg = Debug|Any CPU
		{BF74EDBE-740C-4ED4-A699-4E0FDB4EBAC9}.Debug|Any CPU.Build.0 = Debug|Any CPU
		{BF74EDBE-740C-4ED4-A699-4E0FDB4EBAC9}.Release|Any CPU.ActiveCfg = Release|Any CPU
		{BF74EDBE-740C-4ED4-A699-4E0FDB4EBAC9}.Release|Any CPU.Build.0 = Release|Any CPU
		{9A4A4E88-809D-4709-BE27-8CF7D9C66566}.Debug|Any CPU.ActiveCfg = Debug|Any CPU
		{9A4A4E88-809D-4709-BE27-8CF7D9C66566}.Debug|Any CPU.Build.0 = Debug|Any CPU
		{9A4A4E88-809D-4709-BE27-8CF7D9C66566}.Release|Any CPU.ActiveCfg = Release|Any CPU
		{9A4A4E88-809D-4709-BE27-8CF7D9C66566}.Release|Any CPU.Build.0 = Release|Any CPU
		{E81A5193-B1D5-45CD-A35D-6CD0383DAB91}.Debug|Any CPU.ActiveCfg = Debug|Any CPU
		{E81A5193-B1D5-45CD-A35D-6CD0383DAB91}.Debug|Any CPU.Build.0 = Debug|Any CPU
		{E81A5193-B1D5-45CD-A35D-6CD0383DAB91}.Release|Any CPU.ActiveCfg = Release|Any CPU
		{E81A5193-B1D5-45CD-A35D-6CD0383DAB91}.Release|Any CPU.Build.0 = Release|Any CPU
		{98E51753-E261-488D-BDCB-0095985A2FBB}.Debug|Any CPU.ActiveCfg = Debug|Any CPU
		{98E51753-E261-488D-BDCB-0095985A2FBB}.Debug|Any CPU.Build.0 = Debug|Any CPU
		{98E51753-E261-488D-BDCB-0095985A2FBB}.Release|Any CPU.ActiveCfg = Release|Any CPU
		{98E51753-E261-488D-BDCB-0095985A2FBB}.Release|Any CPU.Build.0 = Release|Any CPU
		{42CC16AD-1F54-44A1-BB52-38E99979003D}.Debug|Any CPU.ActiveCfg = Debug|Any CPU
		{42CC16AD-1F54-44A1-BB52-38E99979003D}.Debug|Any CPU.Build.0 = Debug|Any CPU
		{42CC16AD-1F54-44A1-BB52-38E99979003D}.Release|Any CPU.ActiveCfg = Release|Any CPU
		{42CC16AD-1F54-44A1-BB52-38E99979003D}.Release|Any CPU.Build.0 = Release|Any CPU
		{93B8429A-C683-40D1-B791-0B824F453986}.Debug|Any CPU.ActiveCfg = Debug|Any CPU
		{93B8429A-C683-40D1-B791-0B824F453986}.Debug|Any CPU.Build.0 = Debug|Any CPU
		{93B8429A-C683-40D1-B791-0B824F453986}.Release|Any CPU.ActiveCfg = Release|Any CPU
		{93B8429A-C683-40D1-B791-0B824F453986}.Release|Any CPU.Build.0 = Release|Any CPU
		{7E18B934-2952-4C8F-88E5-B80567E0EF9F}.Debug|Any CPU.ActiveCfg = Debug|Any CPU
		{7E18B934-2952-4C8F-88E5-B80567E0EF9F}.Debug|Any CPU.Build.0 = Debug|Any CPU
		{7E18B934-2952-4C8F-88E5-B80567E0EF9F}.Release|Any CPU.ActiveCfg = Release|Any CPU
		{7E18B934-2952-4C8F-88E5-B80567E0EF9F}.Release|Any CPU.Build.0 = Release|Any CPU
		{DDCFFCDD-66B1-4E9E-BBCC-BA8F19679CC3}.Debug|Any CPU.ActiveCfg = Debug|Any CPU
		{DDCFFCDD-66B1-4E9E-BBCC-BA8F19679CC3}.Debug|Any CPU.Build.0 = Debug|Any CPU
		{DDCFFCDD-66B1-4E9E-BBCC-BA8F19679CC3}.Release|Any CPU.ActiveCfg = Release|Any CPU
		{DDCFFCDD-66B1-4E9E-BBCC-BA8F19679CC3}.Release|Any CPU.Build.0 = Release|Any CPU
		{F1486168-1B30-46D2-871E-ACBEE3898BF6}.Debug|Any CPU.ActiveCfg = Debug|Any CPU
		{F1486168-1B30-46D2-871E-ACBEE3898BF6}.Debug|Any CPU.Build.0 = Debug|Any CPU
		{F1486168-1B30-46D2-871E-ACBEE3898BF6}.Release|Any CPU.ActiveCfg = Release|Any CPU
		{F1486168-1B30-46D2-871E-ACBEE3898BF6}.Release|Any CPU.Build.0 = Release|Any CPU
		{4D75A51D-19AB-46D9-8784-61073A6DBBBE}.Debug|Any CPU.ActiveCfg = Debug|Any CPU
		{4D75A51D-19AB-46D9-8784-61073A6DBBBE}.Debug|Any CPU.Build.0 = Debug|Any CPU
		{4D75A51D-19AB-46D9-8784-61073A6DBBBE}.Release|Any CPU.ActiveCfg = Release|Any CPU
		{4D75A51D-19AB-46D9-8784-61073A6DBBBE}.Release|Any CPU.Build.0 = Release|Any CPU
		{9A5DDD45-5CD5-4FDE-B7D9-7E8BBBB80701}.Debug|Any CPU.ActiveCfg = Debug|Any CPU
		{9A5DDD45-5CD5-4FDE-B7D9-7E8BBBB80701}.Debug|Any CPU.Build.0 = Debug|Any CPU
		{9A5DDD45-5CD5-4FDE-B7D9-7E8BBBB80701}.Release|Any CPU.ActiveCfg = Release|Any CPU
		{9A5DDD45-5CD5-4FDE-B7D9-7E8BBBB80701}.Release|Any CPU.Build.0 = Release|Any CPU
		{B93367FC-55BA-4916-BD2E-0842AF1D309E}.Debug|Any CPU.ActiveCfg = Debug|Any CPU
		{B93367FC-55BA-4916-BD2E-0842AF1D309E}.Debug|Any CPU.Build.0 = Debug|Any CPU
		{B93367FC-55BA-4916-BD2E-0842AF1D309E}.Release|Any CPU.ActiveCfg = Release|Any CPU
		{B93367FC-55BA-4916-BD2E-0842AF1D309E}.Release|Any CPU.Build.0 = Release|Any CPU
	EndGlobalSection
	GlobalSection(SolutionProperties) = preSolution
		HideSolutionNode = FALSE
	EndGlobalSection
	GlobalSection(ExtensibilityGlobals) = postSolution
		SolutionGuid = {CFB8BB87-0778-49DF-8683-A4BE39B51CA2}
	EndGlobalSection
EndGlobal
