
Microsoft Visual Studio Solution File, Format Version 12.00
# Visual Studio Version 17
VisualStudioVersion = 17.9.34622.214
MinimumVisualStudioVersion = 10.0.40219.1
Project("{9A19103F-16F7-4668-BE54-9A1E7A4F7556}") = "#9 - OnConfiguring - Table İsimlendirme", "#9 - OnConfiguring - Table İsimlendirme\#9 - OnConfiguring - Table İsimlendirme.csproj", "{CEF15135-22AD-4CBF-AA31-7B904D9AC458}"
EndProject
Project("{9A19103F-16F7-4668-BE54-9A1E7A4F7556}") = "#10 - Veri Kalıcılığı - EF Core İle Veri Ekleme Detayları", "#10 - Veri Kalıcılığı - EF Core İle Veri Ekleme Detayları\#10 - Veri Kalıcılığı - EF Core İle Veri Ekleme Detayları.csproj", "{21C6BE52-2903-4C70-990B-B297F23FAC90}"
EndProject
Project("{9A19103F-16F7-4668-BE54-9A1E7A4F7556}") = "#11 - Veri Kalıcılığı - EF Core İle Veri Güncelleme Detayları", "#11 - Veri Kalıcılığı - EF Core İle Veri Güncelleme Detayları\#11 - Veri Kalıcılığı - EF Core İle Veri Güncelleme Detayları.csproj", "{AE561C4B-33FA-455D-B7F8-DD48BCFD0977}"
EndProject
Project("{9A19103F-16F7-4668-BE54-9A1E7A4F7556}") = "#12 - Veri Kalıcılığı - EF Core İle Veri Silme Detayları", "#12 - Veri Kalıcılığı - EF Core İle Veri Silme Detayları\#12 - Veri Kalıcılığı - EF Core İle Veri Silme Detayları.csproj", "{39F858E6-A305-436F-B58D-1E78C714DBE4}"
EndProject
Project("{9A19103F-16F7-4668-BE54-9A1E7A4F7556}") = "#13 - Veri Sorgulama - Temel Düzeyde Sorgulama Yapılanmaları", "#13 - Veri Sorgulama - Temel Düzeyde Sorgulama Yapılanmaları\#13 - Veri Sorgulama - Temel Düzeyde Sorgulama Yapılanmaları.csproj", "{71F2A85B-515F-425D-B214-EAF242C16485}"
EndProject
Project("{9A19103F-16F7-4668-BE54-9A1E7A4F7556}") = "#14 - ToListAsync, Where, OrderBy, ThenBy, OrderByDescending, ThenByDescending", "#14 - ToListAsync, Where, OrderBy, ThenBy, OrderByDescending, ThenByDescending\#14 - ToListAsync, Where, OrderBy, ThenBy, OrderByDescending, ThenByDescending.csproj", "{C46919A5-6C2A-4F59-B0BA-6653B3006F24}"
EndProject
Project("{9A19103F-16F7-4668-BE54-9A1E7A4F7556}") = "#15 -Single, SingleOrDefault, First, FirstOrDefault, Last, LastOrDefault, Find", "#15 -Single, SingleOrDefault, First, FirstOrDefault, Last, LastOrDefault, Find\#15 -Single, SingleOrDefault, First, FirstOrDefault, Last, LastOrDefault, Find.csproj", "{12019561-EB74-4508-9AD5-471CEB842BF5}"
EndProject
Project("{9A19103F-16F7-4668-BE54-9A1E7A4F7556}") = "#16 - Count, LongCount, Any, Max, Min, Distinct, All, Sum, Average, Like Query", "#16 - Count, LongCount, Any, Max, Min, Distinct, All, Sum, Average, Like Query\#16 - Count, LongCount, Any, Max, Min, Distinct, All, Sum, Average, Like Query.csproj", "{1C3719C2-27FA-466F-A170-7C30F470994D}"
EndProject
Project("{9A19103F-16F7-4668-BE54-9A1E7A4F7556}") = "#17 - ToDictionary, ToArray, Select, SelectMany", "#17 - ToDictionary, ToArray, Select, SelectMany\#17 - ToDictionary, ToArray, Select, SelectMany.csproj", "{0B9BD6D9-5159-443B-87A8-ED39C6B362CE}"
EndProject
Project("{9A19103F-16F7-4668-BE54-9A1E7A4F7556}") = "#18 - GroupBy Fonksiyonu - Ekstradan Foreach Fonksiyonu İle Pratik İterasyon", "#18 - GroupBy Fonksiyonu - Ekstradan Foreach Fonksiyonu İle Pratik İterasyon\#18 - GroupBy Fonksiyonu - Ekstradan Foreach Fonksiyonu İle Pratik İterasyon.csproj", "{0E1F37BD-07DD-4452-997C-D8C841052FF8}"
EndProject
Project("{9A19103F-16F7-4668-BE54-9A1E7A4F7556}") = "#19 - Derinlemesine Change Tracker Mekanizmasını İnceleyelim", "#19 - Derinlemesine Change Tracker Mekanizmasını İnceleyelim\#19 - Derinlemesine Change Tracker Mekanizmasını İnceleyelim.csproj", "{108CF617-75E6-4296-B0B1-96CC48CD89FF}"
EndProject
Project("{9A19103F-16F7-4668-BE54-9A1E7A4F7556}") = "#20 - AsNoTracking, AsNoTrackingWithIdentityResolution, UseQueryTrackingBehavior", "#20 - AsNoTracking, AsNoTrackingWithIdentityResolution, UseQueryTrackingBehavior\#20 - AsNoTracking, AsNoTrackingWithIdentityResolution, UseQueryTrackingBehavior.csproj", "{D793AA44-10DB-4547-80DD-274E281C427C}"
EndProject
Project("{9A19103F-16F7-4668-BE54-9A1E7A4F7556}") = "#21 - İlişkisel Yapılar - Aşina Olunması Gereken Temel Kavramlar", "#21 - İlişkisel Yapılar - Aşina Olunması Gereken Temel Kavramlar\#21 - İlişkisel Yapılar - Aşina Olunması Gereken Temel Kavramlar.csproj", "{1C6A3938-F45F-46A2-84F9-98DB2A54B6B1}"
EndProject
Project("{FAE04EC0-301F-11D3-BF4B-00C04F79EFBC}") = "#22 - One to One Relationship - Tüm Detaylarıyla Birebir İlişki Yapılanması", "#22 - One to One Relationship - Tüm Detaylarıyla Birebir İlişki Yapılanması\#22 - One to One Relationship - Tüm Detaylarıyla Birebir İlişki Yapılanması.csproj", "{98080F14-5C8B-4BFE-993A-7CE8CDDAE48B}"
EndProject
Project("{FAE04EC0-301F-11D3-BF4B-00C04F79EFBC}") = "#23 - One to Many Relationship - Tüm Detaylarıyla Bire Çok İlişki Yapılanması", "#23 - One to Many Relationship - Tüm Detaylarıyla Bire Çok İlişki Yapılanması\#23 - One to Many Relationship - Tüm Detaylarıyla Bire Çok İlişki Yapılanması.csproj", "{A51030AF-58E5-40B0-AFC3-6B6916F6FB92}"
EndProject
Global
	GlobalSection(SolutionConfigurationPlatforms) = preSolution
		Debug|Any CPU = Debug|Any CPU
		Release|Any CPU = Release|Any CPU
	EndGlobalSection
	GlobalSection(ProjectConfigurationPlatforms) = postSolution
		{CEF15135-22AD-4CBF-AA31-7B904D9AC458}.Debug|Any CPU.ActiveCfg = Debug|Any CPU
		{CEF15135-22AD-4CBF-AA31-7B904D9AC458}.Debug|Any CPU.Build.0 = Debug|Any CPU
		{CEF15135-22AD-4CBF-AA31-7B904D9AC458}.Release|Any CPU.ActiveCfg = Release|Any CPU
		{CEF15135-22AD-4CBF-AA31-7B904D9AC458}.Release|Any CPU.Build.0 = Release|Any CPU
		{21C6BE52-2903-4C70-990B-B297F23FAC90}.Debug|Any CPU.ActiveCfg = Debug|Any CPU
		{21C6BE52-2903-4C70-990B-B297F23FAC90}.Debug|Any CPU.Build.0 = Debug|Any CPU
		{21C6BE52-2903-4C70-990B-B297F23FAC90}.Release|Any CPU.ActiveCfg = Release|Any CPU
		{21C6BE52-2903-4C70-990B-B297F23FAC90}.Release|Any CPU.Build.0 = Release|Any CPU
		{AE561C4B-33FA-455D-B7F8-DD48BCFD0977}.Debug|Any CPU.ActiveCfg = Debug|Any CPU
		{AE561C4B-33FA-455D-B7F8-DD48BCFD0977}.Debug|Any CPU.Build.0 = Debug|Any CPU
		{AE561C4B-33FA-455D-B7F8-DD48BCFD0977}.Release|Any CPU.ActiveCfg = Release|Any CPU
		{AE561C4B-33FA-455D-B7F8-DD48BCFD0977}.Release|Any CPU.Build.0 = Release|Any CPU
		{39F858E6-A305-436F-B58D-1E78C714DBE4}.Debug|Any CPU.ActiveCfg = Debug|Any CPU
		{39F858E6-A305-436F-B58D-1E78C714DBE4}.Debug|Any CPU.Build.0 = Debug|Any CPU
		{39F858E6-A305-436F-B58D-1E78C714DBE4}.Release|Any CPU.ActiveCfg = Release|Any CPU
		{39F858E6-A305-436F-B58D-1E78C714DBE4}.Release|Any CPU.Build.0 = Release|Any CPU
		{71F2A85B-515F-425D-B214-EAF242C16485}.Debug|Any CPU.ActiveCfg = Debug|Any CPU
		{71F2A85B-515F-425D-B214-EAF242C16485}.Debug|Any CPU.Build.0 = Debug|Any CPU
		{71F2A85B-515F-425D-B214-EAF242C16485}.Release|Any CPU.ActiveCfg = Release|Any CPU
		{71F2A85B-515F-425D-B214-EAF242C16485}.Release|Any CPU.Build.0 = Release|Any CPU
		{C46919A5-6C2A-4F59-B0BA-6653B3006F24}.Debug|Any CPU.ActiveCfg = Debug|Any CPU
		{C46919A5-6C2A-4F59-B0BA-6653B3006F24}.Debug|Any CPU.Build.0 = Debug|Any CPU
		{C46919A5-6C2A-4F59-B0BA-6653B3006F24}.Release|Any CPU.ActiveCfg = Release|Any CPU
		{C46919A5-6C2A-4F59-B0BA-6653B3006F24}.Release|Any CPU.Build.0 = Release|Any CPU
		{12019561-EB74-4508-9AD5-471CEB842BF5}.Debug|Any CPU.ActiveCfg = Debug|Any CPU
		{12019561-EB74-4508-9AD5-471CEB842BF5}.Debug|Any CPU.Build.0 = Debug|Any CPU
		{12019561-EB74-4508-9AD5-471CEB842BF5}.Release|Any CPU.ActiveCfg = Release|Any CPU
		{12019561-EB74-4508-9AD5-471CEB842BF5}.Release|Any CPU.Build.0 = Release|Any CPU
		{1C3719C2-27FA-466F-A170-7C30F470994D}.Debug|Any CPU.ActiveCfg = Debug|Any CPU
		{1C3719C2-27FA-466F-A170-7C30F470994D}.Debug|Any CPU.Build.0 = Debug|Any CPU
		{1C3719C2-27FA-466F-A170-7C30F470994D}.Release|Any CPU.ActiveCfg = Release|Any CPU
		{1C3719C2-27FA-466F-A170-7C30F470994D}.Release|Any CPU.Build.0 = Release|Any CPU
		{0B9BD6D9-5159-443B-87A8-ED39C6B362CE}.Debug|Any CPU.ActiveCfg = Debug|Any CPU
		{0B9BD6D9-5159-443B-87A8-ED39C6B362CE}.Debug|Any CPU.Build.0 = Debug|Any CPU
		{0B9BD6D9-5159-443B-87A8-ED39C6B362CE}.Release|Any CPU.ActiveCfg = Release|Any CPU
		{0B9BD6D9-5159-443B-87A8-ED39C6B362CE}.Release|Any CPU.Build.0 = Release|Any CPU
		{0E1F37BD-07DD-4452-997C-D8C841052FF8}.Debug|Any CPU.ActiveCfg = Debug|Any CPU
		{0E1F37BD-07DD-4452-997C-D8C841052FF8}.Debug|Any CPU.Build.0 = Debug|Any CPU
		{0E1F37BD-07DD-4452-997C-D8C841052FF8}.Release|Any CPU.ActiveCfg = Release|Any CPU
		{0E1F37BD-07DD-4452-997C-D8C841052FF8}.Release|Any CPU.Build.0 = Release|Any CPU
		{108CF617-75E6-4296-B0B1-96CC48CD89FF}.Debug|Any CPU.ActiveCfg = Debug|Any CPU
		{108CF617-75E6-4296-B0B1-96CC48CD89FF}.Debug|Any CPU.Build.0 = Debug|Any CPU
		{108CF617-75E6-4296-B0B1-96CC48CD89FF}.Release|Any CPU.ActiveCfg = Release|Any CPU
		{108CF617-75E6-4296-B0B1-96CC48CD89FF}.Release|Any CPU.Build.0 = Release|Any CPU
		{D793AA44-10DB-4547-80DD-274E281C427C}.Debug|Any CPU.ActiveCfg = Debug|Any CPU
		{D793AA44-10DB-4547-80DD-274E281C427C}.Debug|Any CPU.Build.0 = Debug|Any CPU
		{D793AA44-10DB-4547-80DD-274E281C427C}.Release|Any CPU.ActiveCfg = Release|Any CPU
		{D793AA44-10DB-4547-80DD-274E281C427C}.Release|Any CPU.Build.0 = Release|Any CPU
		{1C6A3938-F45F-46A2-84F9-98DB2A54B6B1}.Debug|Any CPU.ActiveCfg = Debug|Any CPU
		{1C6A3938-F45F-46A2-84F9-98DB2A54B6B1}.Debug|Any CPU.Build.0 = Debug|Any CPU
		{1C6A3938-F45F-46A2-84F9-98DB2A54B6B1}.Release|Any CPU.ActiveCfg = Release|Any CPU
		{1C6A3938-F45F-46A2-84F9-98DB2A54B6B1}.Release|Any CPU.Build.0 = Release|Any CPU
		{98080F14-5C8B-4BFE-993A-7CE8CDDAE48B}.Debug|Any CPU.ActiveCfg = Debug|Any CPU
		{98080F14-5C8B-4BFE-993A-7CE8CDDAE48B}.Debug|Any CPU.Build.0 = Debug|Any CPU
		{98080F14-5C8B-4BFE-993A-7CE8CDDAE48B}.Release|Any CPU.ActiveCfg = Release|Any CPU
		{98080F14-5C8B-4BFE-993A-7CE8CDDAE48B}.Release|Any CPU.Build.0 = Release|Any CPU
		{A51030AF-58E5-40B0-AFC3-6B6916F6FB92}.Debug|Any CPU.ActiveCfg = Debug|Any CPU
		{A51030AF-58E5-40B0-AFC3-6B6916F6FB92}.Debug|Any CPU.Build.0 = Debug|Any CPU
		{A51030AF-58E5-40B0-AFC3-6B6916F6FB92}.Release|Any CPU.ActiveCfg = Release|Any CPU
		{A51030AF-58E5-40B0-AFC3-6B6916F6FB92}.Release|Any CPU.Build.0 = Release|Any CPU
	EndGlobalSection
	GlobalSection(SolutionProperties) = preSolution
		HideSolutionNode = FALSE
	EndGlobalSection
	GlobalSection(ExtensibilityGlobals) = postSolution
		SolutionGuid = {CFB8BB87-0778-49DF-8683-A4BE39B51CA2}
	EndGlobalSection
EndGlobal
