
Microsoft Visual Studio Solution File, Format Version 12.00
# Visual Studio Version 17
VisualStudioVersion = 17.9.34622.214
MinimumVisualStudioVersion = 10.0.40219.1
Project("{FAE04EC0-301F-11D3-BF4B-00C04F79EFBC}") = "TestProj", "TestProj\TestProj.csproj", "{5AD0490A-696A-422F-ADCB-96B8429715FD}"
EndProject
Global
	GlobalSection(SolutionConfigurationPlatforms) = preSolution
		Debug|Any CPU = Debug|Any CPU
		Release|Any CPU = Release|Any CPU
	EndGlobalSection
	GlobalSection(ProjectConfigurationPlatforms) = postSolution
		{5AD0490A-696A-422F-ADCB-96B8429715FD}.Debug|Any CPU.ActiveCfg = Debug|Any CPU
		{5AD0490A-696A-422F-ADCB-96B8429715FD}.Debug|Any CPU.Build.0 = Debug|Any CPU
		{5AD0490A-696A-422F-ADCB-96B8429715FD}.Release|Any CPU.ActiveCfg = Release|Any CPU
		{5AD0490A-696A-422F-ADCB-96B8429715FD}.Release|Any CPU.Build.0 = Release|Any CPU
	EndGlobalSection
	GlobalSection(SolutionProperties) = preSolution
		HideSolutionNode = FALSE
	EndGlobalSection
	GlobalSection(ExtensibilityGlobals) = postSolution
		SolutionGuid = {CFB8BB87-0778-49DF-8683-A4BE39B51CA2}
	EndGlobalSection
EndGlobal
